
Microsoft Visual Studio Solution File, Format Version 12.00
# Visual Studio 15
VisualStudioVersion = 15.0.28307.1000
MinimumVisualStudioVersion = 10.0.40219.1
Project("{FAE04EC0-301F-11D3-BF4B-00C04F79EFBC}") = "News", "Finanzas\News.csproj", "{9BCB722E-1D40-4C46-8ED4-021893120182}"
EndProject
Project("{FAE04EC0-301F-11D3-BF4B-00C04F79EFBC}") = "News.Tests", "Finanzas.Tests\News.Tests.csproj", "{95917896-2854-4FF7-89AF-21C7A7A17114}"
EndProject
Global
	GlobalSection(SolutionConfigurationPlatforms) = preSolution
		Debug|Any CPU = Debug|Any CPU
		Release|Any CPU = Release|Any CPU
	EndGlobalSection
	GlobalSection(ProjectConfigurationPlatforms) = postSolution
		{9BCB722E-1D40-4C46-8ED4-021893120182}.Debug|Any CPU.ActiveCfg = Debug|Any CPU
		{9BCB722E-1D40-4C46-8ED4-021893120182}.Debug|Any CPU.Build.0 = Debug|Any CPU
		{9BCB722E-1D40-4C46-8ED4-021893120182}.Release|Any CPU.ActiveCfg = Release|Any CPU
		{9BCB722E-1D40-4C46-8ED4-021893120182}.Release|Any CPU.Build.0 = Release|Any CPU
		{95917896-2854-4FF7-89AF-21C7A7A17114}.Debug|Any CPU.ActiveCfg = Debug|Any CPU
		{95917896-2854-4FF7-89AF-21C7A7A17114}.Debug|Any CPU.Build.0 = Debug|Any CPU
		{95917896-2854-4FF7-89AF-21C7A7A17114}.Release|Any CPU.ActiveCfg = Release|Any CPU
		{95917896-2854-4FF7-89AF-21C7A7A17114}.Release|Any CPU.Build.0 = Release|Any CPU
	EndGlobalSection
	GlobalSection(SolutionProperties) = preSolution
		HideSolutionNode = FALSE
	EndGlobalSection
	GlobalSection(ExtensibilityGlobals) = postSolution
		SolutionGuid = {FB4FDA52-9062-4400-971A-5E6E8BEF7E33}
	EndGlobalSection
EndGlobal
